
Microsoft Visual Studio Solution File, Format Version 12.00
# Visual Studio Version 17
VisualStudioVersion = 17.13.35931.197 d17.13
MinimumVisualStudioVersion = 10.0.40219.1
Project("{FAE04EC0-301F-11D3-BF4B-00C04F79EFBC}") = "zad1-19.06.25", "zad1-19.06.25.csproj", "{70322A59-29EC-429C-BF5A-CC8128393A99}"
EndProject
Global
	GlobalSection(SolutionConfigurationPlatforms) = preSolution
		Debug|Any CPU = Debug|Any CPU
		Release|Any CPU = Release|Any CPU
	EndGlobalSection
	GlobalSection(ProjectConfigurationPlatforms) = postSolution
		{70322A59-29EC-429C-BF5A-CC8128393A99}.Debug|Any CPU.ActiveCfg = Debug|Any CPU
		{70322A59-29EC-429C-BF5A-CC8128393A99}.Debug|Any CPU.Build.0 = Debug|Any CPU
		{70322A59-29EC-429C-BF5A-CC8128393A99}.Release|Any CPU.ActiveCfg = Release|Any CPU
		{70322A59-29EC-429C-BF5A-CC8128393A99}.Release|Any CPU.Build.0 = Release|Any CPU
	EndGlobalSection
	GlobalSection(SolutionProperties) = preSolution
		HideSolutionNode = FALSE
	EndGlobalSection
	GlobalSection(ExtensibilityGlobals) = postSolution
		SolutionGuid = {73A18C4A-E41E-4A7F-862E-28F59DB34EC9}
	EndGlobalSection
EndGlobal
